github.com/caarlos0/env/v9 v9.0.0 h1:SI6JNsOA+y5gj9njpgybykATIylrRMklbs5ch6wO6pc=
github.com/caarlos0/env/v9 v9.0.0/go.mod h1:ye5mlCVMYh6tZ+vCgrs/B95sj88cg5Tlnc0XIzgZ020=
github.com/joho/godotenv v1.5.1 h1:7eLL/+HRGLY0ldzfGMeQkb7vMd0as4CfYvUVzLqw0N0=
github.com/joho/godotenv v1.5.1/go.mod h1:f4LDr5Voq0i2e/R5DDNOoa2zzDfwtkZa6DnEwAbqwq4=
github.com/klauspost/compress v1.20.0 h1:a3C1ke2ohxFymNlb2HWAHjDeKCI90scRskErZkR0ezA=
github.com/klauspost/compress v1.20.0/go.mod h1:LUdAzn7YLVvxLpc7y3V1m40wESHTgc1422pwwBSKYuI=
github.com/klauspost/compress v1.20.1/go.mod h1:LUdAzn7YLVvxLpc7y3V1m40wESHTgc1422pwwBSKYuI=
github.com/max-messenger/max-bot-api-client-go/v2 v2.4.0 h1:7cy2mCcvEUbPTQnxGr5hUPZDAf+ZumgR32/qXmzpOzQ=
github.com/max-messenger/max-bot-api-client-go/v2 v2.4.0/go.mod h1:+jiRkKZlmKeqSN+MY033xkv+j5hfDFlPX961k8a58F0=
github.com/pierrec/lz4/v4 v4.1.30 h1:cchX8N2DVP668WkElI9QMwVyoNabLkq1LofDHFeIrdg=
github.com/pierrec/lz4/v4 v4.1.30/go.mod h1:EoQMVJgeeEOMsCqCzqFm2O0cJvljX2nGZjcRIPL34O4=
github.com/stretchr/testify v1.12.1 h1:EuwCh5fleGS7H32xRwO3wRGT7DxrDhLAT6FF8MpWDWE=
github.com/stretchr/testify v1.12.1/go.mod h1:MDEgiDPPsNp5cuIrHPPCyornHKgEVbtFUmoNlxoYthg=
github.com/twmb/franz-go v1.22.0 h1:/CN0IfwJIlkO8ml78sR+1nfciyJ1qzf/ebp2lJeTnus=
github.com/twmb/franz-go v1.22.0/go.mod h1:b2qISbZgMTJRcIsltVqPz4+Bb2Lw/9bN+/Gd0C07kYw=
github.com/twmb/franz-go/pkg/kmsg v1.14.0 h1:gSxrBEKWl3qnsx3QKWol5OEVujuPmIoDkhMt3didFKM=
github.com/twmb/franz-go/pkg/kmsg v1.14.0/go.mod h1:+DPt4NC8RmI6hqb8G09+3giKObE6uD2Eya6CfqBpeJY=
go.yaml.in/yaml/v3 v3.0.5 h1:N6y/pJk8buWs9NY5ERU2HSMfm+IuD/OtfdAnq6kESPw=
go.yaml.in/yaml/v3 v3.0.5/go.mod h1:HVTZu1O7/Vkt2N+BFy8Zza+lnLsABggaTM2ZpNIGuKg=
